
Microsoft Visual Studio Solution File, Format Version 12.00
# Visual Studio 15
VisualStudioVersion = 15.0.27130.2010
MinimumVisualStudioVersion = 10.0.40219.1
Project("{9A19103F-16F7-4668-BE54-9A1E7A4F7556}") = "GrobExp.Compiler", "GrobExp.Compiler\GrobExp.Compiler.csproj", "{D6849FE1-E358-4CB6-86B9-59D079D3D75E}"
EndProject
Project("{9A19103F-16F7-4668-BE54-9A1E7A4F7556}") = "GrobExp.Compiler.Tests", "GrobExp.Compiler.Tests\GrobExp.Compiler.Tests.csproj", "{E0D8A77D-638E-4553-B7A9-26D3D5389FB6}"
EndProject
Global
	GlobalSection(SolutionConfigurationPlatforms) = preSolution
		Debug|Any CPU = Debug|Any CPU
		Release|Any CPU = Release|Any CPU
	EndGlobalSection
	GlobalSection(ProjectConfigurationPlatforms) = postSolution
		{D6849FE1-E358-4CB6-86B9-59D079D3D75E}.Debug|Any CPU.ActiveCfg = Debug|Any CPU
		{D6849FE1-E358-4CB6-86B9-59D079D3D75E}.Debug|Any CPU.Build.0 = Debug|Any CPU
		{D6849FE1-E358-4CB6-86B9-59D079D3D75E}.Release|Any CPU.ActiveCfg = Release|Any CPU
		{D6849FE1-E358-4CB6-86B9-59D079D3D75E}.Release|Any CPU.Build.0 = Release|Any CPU
		{E0D8A77D-638E-4553-B7A9-26D3D5389FB6}.Debug|Any CPU.ActiveCfg = Debug|Any CPU
		{E0D8A77D-638E-4553-B7A9-26D3D5389FB6}.Debug|Any CPU.Build.0 = Debug|Any CPU
		{E0D8A77D-638E-4553-B7A9-26D3D5389FB6}.Release|Any CPU.ActiveCfg = Release|Any CPU
		{E0D8A77D-638E-4553-B7A9-26D3D5389FB6}.Release|Any CPU.Build.0 = Release|Any CPU
	EndGlobalSection
	GlobalSection(SolutionProperties) = preSolution
		HideSolutionNode = FALSE
	EndGlobalSection
	GlobalSection(ExtensibilityGlobals) = postSolution
		SolutionGuid = {8FF910CC-E8CB-4FC8-B2E4-24DC9A85A464}
	EndGlobalSection
EndGlobal
