
Microsoft Visual Studio Solution File, Format Version 12.00
# Visual Studio 2013
VisualStudioVersion = 12.0.31101.0
MinimumVisualStudioVersion = 10.0.40219.1
Project("{FAE04EC0-301F-11D3-BF4B-00C04F79EFBC}") = "Compiler", "Compiler\Compiler.csproj", "{053A9486-888A-46DB-BE40-EA361A0511BC}"
EndProject
Project("{FAE04EC0-301F-11D3-BF4B-00C04F79EFBC}") = "Compiler.Tests", "Compiler.Tests\Compiler.Tests.csproj", "{21167EA9-3A09-4231-A006-B4D8D7A4E871}"
EndProject
Global
	GlobalSection(SolutionConfigurationPlatforms) = preSolution
		Debug|Any CPU = Debug|Any CPU
		Release|Any CPU = Release|Any CPU
	EndGlobalSection
	GlobalSection(ProjectConfigurationPlatforms) = postSolution
		{053A9486-888A-46DB-BE40-EA361A0511BC}.Debug|Any CPU.ActiveCfg = Debug|Any CPU
		{053A9486-888A-46DB-BE40-EA361A0511BC}.Debug|Any CPU.Build.0 = Debug|Any CPU
		{053A9486-888A-46DB-BE40-EA361A0511BC}.Release|Any CPU.ActiveCfg = Release|Any CPU
		{053A9486-888A-46DB-BE40-EA361A0511BC}.Release|Any CPU.Build.0 = Release|Any CPU
		{21167EA9-3A09-4231-A006-B4D8D7A4E871}.Debug|Any CPU.ActiveCfg = Debug|Any CPU
		{21167EA9-3A09-4231-A006-B4D8D7A4E871}.Debug|Any CPU.Build.0 = Debug|Any CPU
		{21167EA9-3A09-4231-A006-B4D8D7A4E871}.Release|Any CPU.ActiveCfg = Release|Any CPU
		{21167EA9-3A09-4231-A006-B4D8D7A4E871}.Release|Any CPU.Build.0 = Release|Any CPU
	EndGlobalSection
	GlobalSection(SolutionProperties) = preSolution
		HideSolutionNode = FALSE
	EndGlobalSection
EndGlobal
